
Microsoft Visual Studio Solution File, Format Version 12.00
# Visual Studio Version 17
VisualStudioVersion = 17.5.002.0
MinimumVisualStudioVersion = 10.0.40219.1
Project("{9A19103F-16F7-4668-BE54-9A1E7A4F7556}") = "DevFreela.Api", "DevFreela.Api.csproj", "{77F29DC3-F4FF-4A8E-8CF9-9EBFCCB1F018}"
EndProject
Global
	GlobalSection(SolutionConfigurationPlatforms) = preSolution
		Debug|Any CPU = Debug|Any CPU
		Release|Any CPU = Release|Any CPU
	EndGlobalSection
	GlobalSection(ProjectConfigurationPlatforms) = postSolution
		{77F29DC3-F4FF-4A8E-8CF9-9EBFCCB1F018}.Debug|Any CPU.ActiveCfg = Debug|Any CPU
		{77F29DC3-F4FF-4A8E-8CF9-9EBFCCB1F018}.Debug|Any CPU.Build.0 = Debug|Any CPU
		{77F29DC3-F4FF-4A8E-8CF9-9EBFCCB1F018}.Release|Any CPU.ActiveCfg = Release|Any CPU
		{77F29DC3-F4FF-4A8E-8CF9-9EBFCCB1F018}.Release|Any CPU.Build.0 = Release|Any CPU
	EndGlobalSection
	GlobalSection(SolutionProperties) = preSolution
		HideSolutionNode = FALSE
	EndGlobalSection
	GlobalSection(ExtensibilityGlobals) = postSolution
		SolutionGuid = {ADF0901C-97F1-47B8-97D7-67D5B80CF60B}
	EndGlobalSection
EndGlobal
